{
  "nodes": {
    "arion": {
      "flake": false,
      "locked": {
        "lastModified": 1584740392,
        "narHash": "sha256-Nvmp9eF+BEL6yYcyppW3nSKFHjeq54rf83WkWojL8L8=",
        "owner": "hercules-ci",
        "repo": "arion",
        "rev": "7609d3a88dbdd8a98bce6958756cc5902918e8aa",
        "type": "github"
      },
      "original": {
        "owner": "hercules-ci",
        "ref": "master",
        "repo": "arion",
        "type": "github"
      }
    },
    "emacs": {
      "locked": {
        "lastModified": 1595909885,
        "narHash": "sha256-YPAWqi6TO1w0Ez11rpPQKiqAphP4h7m7GACF9vnLsEs=",
        "owner": "nix-community",
        "repo": "emacs-overlay",
        "rev": "05b59c3c1a66eeb008686ed62ca9769f9ad2080d",
        "type": "github"
      },
      "original": {
        "owner": "nix-community",
        "repo": "emacs-overlay",
        "type": "github"
      }
    },
    "home": {
      "inputs": {
        "nixpkgs": "nixpkgs"
      },
      "locked": {
        "lastModified": 1591751635,
        "narHash": "sha256-KgGtyFlkI/fsp+j8VEgJ/ynY9B91aX35Xp04HlDLRTo=",
        "owner": "rycee",
        "repo": "home-manager",
        "rev": "b3fee796fcd5531693d9b84ece76ad6836bb1cfa",
        "type": "github"
      },
      "original": {
        "owner": "rycee",
        "ref": "bqv-flakes",
        "repo": "home-manager",
        "type": "github"
      }
    },
    "nixpkgs": {
      "locked": {
        "lastModified": 1591748508,
        "narHash": "sha256-GdYYaYsSBgYUhbDT1JJQ7vEgo8FWeW/AW7/qqJuCvRA=",
        "owner": "NixOS",
        "repo": "nixpkgs",
        "rev": "1d8c4410687390f9b8f92dbe6ff39fd8fc2b17c6",
        "type": "github"
      },
      "original": {
        "id": "nixpkgs",
        "type": "indirect"
      }
    },
    "nixpkgs_2": {
      "locked": {
        "lastModified": 1595891366,
        "narHash": "sha256-emx8s0LWUxxm4kh4zcacVP9NmCR5eT/JhzIXn111mAE=",
        "owner": "NixOS",
        "repo": "nixpkgs",
        "rev": "eeb91b03a5cef25c3931bdd4438f006a293adef9",
        "type": "github"
      },
      "original": {
        "id": "nixpkgs",
        "ref": "release-20.03",
        "type": "indirect"
      }
    },
    "nur": {
      "inputs": {
        "nixpkgs": [
          "nixpkgs"
        ]
      },
      "locked": {
        "lastModified": 1590687033,
        "narHash": "sha256-vHTZqX8UFSarfmCR5CrbE5NH+IFkbJeSd3YivZkCWws=",
        "owner": "babariviere",
        "repo": "NUR",
        "rev": "91143c53b0987323e677ff82c16525dbb82e24eb",
        "type": "github"
      },
      "original": {
        "owner": "babariviere",
        "ref": "flakes",
        "repo": "NUR",
        "type": "github"
      }
    },
    "plymouth-themes": {
      "flake": false,
      "locked": {
        "lastModified": 1595330431,
        "narHash": "sha256-u0Ax3QOpJXWBLolTZPpzgaaiebtg+ig/BMZAEbhVzPg=",
        "owner": "adi1090x",
        "repo": "plymouth-themes",
        "rev": "c875fd2b5526e356c89fef36b7f7085529f5252b",
        "type": "github"
      },
      "original": {
        "owner": "adi1090x",
        "repo": "plymouth-themes",
        "type": "github"
      }
    },
    "root": {
      "inputs": {
        "arion": "arion",
        "emacs": "emacs",
        "home": "home",
        "nixpkgs": "nixpkgs_2",
        "nur": "nur",
        "plymouth-themes": "plymouth-themes",
        "snack": "snack",
        "unstable": "unstable",
        "zgen": "zgen"
      }
    },
    "snack": {
      "flake": false,
      "locked": {
        "lastModified": 1585047695,
        "narHash": "sha256-8EYDGcuaBjyDA83G7U9DxNcS3STM5rrhqRpumS1wBAo=",
        "owner": "nmattia",
        "repo": "snack",
        "rev": "b638463b9a7490867b44d0c33bb02e8f7ca82f29",
        "type": "github"
      },
      "original": {
        "owner": "nmattia",
        "ref": "master",
        "repo": "snack",
        "type": "github"
      }
    },
    "unstable": {
      "locked": {
        "lastModified": 1595919038,
        "narHash": "sha256-9DdGHVL3uEpKGvZflHQIOaJIqELkeft0ok/NcSzIB+0=",
        "owner": "NixOS",
        "repo": "nixpkgs",
        "rev": "d52d97db25f8a05707d65847beec9f30a47f558a",
        "type": "github"
      },
      "original": {
        "owner": "NixOS",
        "ref": "master",
        "repo": "nixpkgs",
        "type": "github"
      }
    },
    "zgen": {
      "flake": false,
      "locked": {
        "lastModified": 1540055818,
        "narHash": "sha256-5rq9kTjp+hLAUD/Hk3NudclJLNyyTuvA2Gd1JQJFfgo=",
        "owner": "tarjoilija",
        "repo": "zgen",
        "rev": "0b669d2d0dcf788b4c81a7a30b4fa41dfbf7d1a7",
        "type": "github"
      },
      "original": {
        "owner": "tarjoilija",
        "repo": "zgen",
        "type": "github"
      }
    }
  },
  "root": "root",
  "version": 7
}
