(list (channel
        (name 'guix)
        (url "https://git.savannah.gnu.org/git/guix.git")
        (branch "master")
        (commit
          "26c74ed8085f83cc0b27f4c5171c51427210dada")
        (introduction
          (make-channel-introduction
            "9edb3f66fd807b096b48283debdcddccfea34bad"
            (openpgp-fingerprint
              "BBB0 2DDF 2CEA F6A8 0D1D  E643 A2A0 6DF2 A33A 54FA"))))
      (channel
        (name 'baba)
        (url "https://github.com/babariviere/dotfiles")
        (branch "guix")
        (commit
          "6e9802d81420a8d988d95e54f82f3e7d551e43f9")
        (introduction
          (make-channel-introduction
            "78e60924c559697195eddafb5dc7f47a86a12d6e"
            (openpgp-fingerprint
              "261C A284 3452 FB01 F6DF  6CF4 F9B7 864F 2AB4 6F18"))))
      (channel
        (name 'rde)
        (url "https://git.sr.ht/~abcdw/rde")
        (branch "master")
        (commit
          "a44bfddbe4e0c0f5703a355ac0736619ba1855d9"))
      (channel
        (name 'flat)
        (url "https://github.com/flatwhatson/guix-channel.git")
        (branch "master")
        (commit
          "ece373bcd1e00ef746fb7b104e56ab610cc4af2a")
        (introduction
          (make-channel-introduction
            "33f86a4b48205c0dc19d7c036c85393f0766f806"
            (openpgp-fingerprint
              "736A C00E 1254 378B A982  7AF6 9DBE 8265 81B6 4490"))))
      (channel
        (name 'nonguix)
        (url "https://gitlab.com/nonguix/nonguix")
        (branch "master")
        (commit
          "3e4af2cc3299b0971b2e513eeb2d0dcae1aa3bec")
        (introduction
          (make-channel-introduction
            "897c1a470da759236cc11798f4e0a5f7d4d59fbc"
            (openpgp-fingerprint
              "2A39 3FFF 68F4 EF7A 3D29  12AF 6F51 20A0 22FB B2D5"))))
      (channel
        (name 'brycus)
        (url "git@github.com:babariviere/brycus")
        (branch "master")
        (commit
          "0c681c7e7a5e31ce958ce352f17a61d8c615f87c")
        (introduction
          (make-channel-introduction
            "5a251f60223c38f647a3ae0d8920acbaac5f1e24"
            (openpgp-fingerprint
              "261C A284 3452 FB01 F6DF  6CF4 F9B7 864F 2AB4 6F18"))))
      (channel
        (name 'emacs)
        (url "https://github.com/babariviere/guix-emacs")
        (branch "master")
        (commit
          "402e54ded827ea89933606254eb5b73462f509f5")
        (introduction
          (make-channel-introduction
            "72ca4ef5b572fea10a4589c37264fa35d4564783"
            (openpgp-fingerprint
              "261C A284 3452 FB01 F6DF  6CF4 F9B7 864F 2AB4 6F18")))))
