(list (channel
        (name 'guix)
        (url "https://git.savannah.gnu.org/git/guix.git")
        (branch "master")
        (commit
          "f97fe92b570b01ed1b03abd4f3ec89bf20ebc9db")
        (introduction
          (make-channel-introduction
            "9edb3f66fd807b096b48283debdcddccfea34bad"
            (openpgp-fingerprint
              "BBB0 2DDF 2CEA F6A8 0D1D  E643 A2A0 6DF2 A33A 54FA"))))
      (channel
        (name 'baba)
        (url "https://github.com/babariviere/dotfiles")
        (branch "guix")
        (commit
          "5fd6bb4e14979657e4110125172ce933d790c1e5")
        (introduction
          (make-channel-introduction
            "78e60924c559697195eddafb5dc7f47a86a12d6e"
            (openpgp-fingerprint
              "261C A284 3452 FB01 F6DF  6CF4 F9B7 864F 2AB4 6F18"))))
      (channel
        (name 'rde)
        (url "https://git.sr.ht/~abcdw/rde")
        (branch "master")
        (commit
          "d464eeb34e4cbcf8f912fb9c51c2cde610c996bf"))
      (channel
        (name 'flat)
        (url "https://github.com/flatwhatson/guix-channel.git")
        (branch "master")
        (commit
          "ece373bcd1e00ef746fb7b104e56ab610cc4af2a")
        (introduction
          (make-channel-introduction
            "33f86a4b48205c0dc19d7c036c85393f0766f806"
            (openpgp-fingerprint
              "736A C00E 1254 378B A982  7AF6 9DBE 8265 81B6 4490"))))
      (channel
        (name 'nonguix)
        (url "https://gitlab.com/nonguix/nonguix")
        (branch "master")
        (commit
          "364446cb0311c315662671d85e9544ccfa96f25c")
        (introduction
          (make-channel-introduction
            "897c1a470da759236cc11798f4e0a5f7d4d59fbc"
            (openpgp-fingerprint
              "2A39 3FFF 68F4 EF7A 3D29  12AF 6F51 20A0 22FB B2D5"))))
      (channel
        (name 'brycus)
        (url "https://github.com/babariviere/brycus")
        (branch "master")
        (commit
          "2cd9c1857d9809831983f8f9ddd1c664ce6d8987")
        (introduction
          (make-channel-introduction
            "5a251f60223c38f647a3ae0d8920acbaac5f1e24"
            (openpgp-fingerprint
              "261C A284 3452 FB01 F6DF  6CF4 F9B7 864F 2AB4 6F18"))))
      (channel
        (name 'emacs)
        (url "https://github.com/babariviere/guix-emacs")
        (branch "master")
        (commit
          "48eee61b2e7a340e71f5f056a48685ea0d55ab6a")
        (introduction
          (make-channel-introduction
            "72ca4ef5b572fea10a4589c37264fa35d4564783"
            (openpgp-fingerprint
              "261C A284 3452 FB01 F6DF  6CF4 F9B7 864F 2AB4 6F18")))))
